// !$*UTF8*$!
{
	archiveVersion = 1;
	classes = {
	};
	objectVersion = 50;
	objects = {

/* Begin PBXBuildFile section */
		39D0871E2D8573EF00CE8DD0 /* DriverKit.framework in Frameworks */ = {isa = PBXBuildFile; fileRef = 39D0871D2D8573EF00CE8DD0 /* DriverKit.framework */; };
		39D087212D8573EF00CE8DD0 /* AirPortBcmWiFiDriver.cpp in Sources */ = {isa = PBXBuildFile; fileRef = 39D087202D8573EF00CE8DD0 /* AirPortBcmWiFiDriver.cpp */; };
		39D087232D8573EF00CE8DD0 /* AirPortBcmWiFiDriver.iig in Sources */ = {isa = PBXBuildFile; fileRef = 39D087222D8573EF00CE8DD0 /* AirPortBcmWiFiDriver.iig */; };
		39D087312D85759100CE8DD0 /* NetworkExtension.framework in Frameworks */ = {isa = PBXBuildFile; fileRef = 39D087302D85759100CE8DD0 /* NetworkExtension.framework */; };
		39D087342D85759100CE8DD0 /* FilterDataProvider.swift in Sources */ = {isa = PBXBuildFile; fileRef = 39D087332D85759100CE8DD0 /* FilterDataProvider.swift */; };
		39D087362D85759100CE8DD0 /* main.swift in Sources */ = {isa = PBXBuildFile; fileRef = 39D087352D85759100CE8DD0 /* main.swift */; };
		39D0873F2D8575AC00CE8DD0 /* AirPortBcmWiFiDriver.cpp in Sources */ = {isa = PBXBuildFile; fileRef = 39D087202D8573EF00CE8DD0 /* AirPortBcmWiFiDriver.cpp */; };
		39D087402D8575AC00CE8DD0 /* AirPortBcmWiFiDriver.iig in Sources */ = {isa = PBXBuildFile; fileRef = 39D087222D8573EF00CE8DD0 /* AirPortBcmWiFiDriver.iig */; };
		39D087422D8575AC00CE8DD0 /* DriverKit.framework in Frameworks */ = {isa = PBXBuildFile; fileRef = 39D0871D2D8573EF00CE8DD0 /* DriverKit.framework */; };
		39D087652D85772E00CE8DD0 /* main.swift in Sources */ = {isa = PBXBuildFile; fileRef = 39D087352D85759100CE8DD0 /* main.swift */; };
		39D087662D85772E00CE8DD0 /* FilterDataProvider.swift in Sources */ = {isa = PBXBuildFile; fileRef = 39D087332D85759100CE8DD0 /* FilterDataProvider.swift */; };
		39D087682D85772E00CE8DD0 /* NetworkExtension.framework in Frameworks */ = {isa = PBXBuildFile; fileRef = 39D087302D85759100CE8DD0 /* NetworkExtension.framework */; };
		39D087712D85775C00CE8DD0 /* main.swift in Sources */ = {isa = PBXBuildFile; fileRef = 39D087352D85759100CE8DD0 /* main.swift */; };
		39D087722D85775C00CE8DD0 /* FilterDataProvider.swift in Sources */ = {isa = PBXBuildFile; fileRef = 39D087332D85759100CE8DD0 /* FilterDataProvider.swift */; };
		39D087742D85775C00CE8DD0 /* NetworkExtension.framework in Frameworks */ = {isa = PBXBuildFile; fileRef = 39D087302D85759100CE8DD0 /* NetworkExtension.framework */; };
/* End PBXBuildFile section */

/* Begin PBXFileReference section */
		39D0871A2D8573EF00CE8DD0 /* AirPortBcmWiFiDriver.AirPortBcmWiFiDriver.dext */ = {isa = PBXFileReference; explicitFileType = "wrapper.driver-extension"; includeInIndex = 0; path = AirPortBcmWiFiDriver.AirPortBcmWiFiDriver.dext; sourceTree = BUILT_PRODUCTS_DIR; };
		39D0871D2D8573EF00CE8DD0 /* DriverKit.framework */ = {isa = PBXFileReference; lastKnownFileType = wrapper.framework; name = DriverKit.framework; path = Library/Frameworks/DriverKit.framework; sourceTree = DEVELOPER_DIR; };
		39D087202D8573EF00CE8DD0 /* AirPortBcmWiFiDriver.cpp */ = {isa = PBXFileReference; lastKnownFileType = sourcecode.cpp.cpp; path = AirPortBcmWiFiDriver.cpp; sourceTree = "<group>"; };
		39D087222D8573EF00CE8DD0 /* AirPortBcmWiFiDriver.iig */ = {isa = PBXFileReference; lastKnownFileType = sourcecode.iig; path = AirPortBcmWiFiDriver.iig; sourceTree = "<group>"; };
		39D087242D8573EF00CE8DD0 /* Info.plist */ = {isa = PBXFileReference; lastKnownFileType = text.plist.xml; path = Info.plist; sourceTree = "<group>"; };
		39D087252D8573EF00CE8DD0 /* AirPortBcmWiFiDriver.entitlements */ = {isa = PBXFileReference; lastKnownFileType = text.plist.entitlements; path = AirPortBcmWiFiDriver.entitlements; sourceTree = "<group>"; };
		39D0872F2D85759100CE8DD0 /* AirPortBcmWiFiDriver.AirPortBcmWiFiDriver-High-Sierra.systemextension */ = {isa = PBXFileReference; explicitFileType = "wrapper.system-extension"; includeInIndex = 0; path = "AirPortBcmWiFiDriver.AirPortBcmWiFiDriver-High-Sierra.systemextension"; sourceTree = BUILT_PRODUCTS_DIR; };
		39D087302D85759100CE8DD0 /* NetworkExtension.framework */ = {isa = PBXFileReference; lastKnownFileType = wrapper.framework; name = NetworkExtension.framework; path = Library/Frameworks/NetworkExtension.framework; sourceTree = DEVELOPER_DIR; };
		39D087332D85759100CE8DD0 /* FilterDataProvider.swift */ = {isa = PBXFileReference; lastKnownFileType = sourcecode.swift; path = FilterDataProvider.swift; sourceTree = "<group>"; };
		39D087352D85759100CE8DD0 /* main.swift */ = {isa = PBXFileReference; lastKnownFileType = sourcecode.swift; path = main.swift; sourceTree = "<group>"; };
		39D087372D85759100CE8DD0 /* Info.plist */ = {isa = PBXFileReference; lastKnownFileType = text.plist.xml; path = Info.plist; sourceTree = "<group>"; };
		39D087382D85759100CE8DD0 /* AirPortBcmWiFiDriver_High_Sierra.entitlements */ = {isa = PBXFileReference; lastKnownFileType = text.plist.entitlements; path = AirPortBcmWiFiDriver_High_Sierra.entitlements; sourceTree = "<group>"; };
		39D087472D8575AC00CE8DD0 /* AirPortBcmWiFiDriver-Mojave.dext */ = {isa = PBXFileReference; explicitFileType = "wrapper.driver-extension"; includeInIndex = 0; path = "AirPortBcmWiFiDriver-Mojave.dext"; sourceTree = BUILT_PRODUCTS_DIR; };
		39D0876D2D85772E00CE8DD0 /* AirPortBcmWiFiDriver-Catalina.systemextension */ = {isa = PBXFileReference; explicitFileType = "wrapper.system-extension"; includeInIndex = 0; path = "AirPortBcmWiFiDriver-Catalina.systemextension"; sourceTree = BUILT_PRODUCTS_DIR; };
		39D087792D85775C00CE8DD0 /* AirPortBcmWiFiDriver.kext */ = {isa = PBXFileReference; explicitFileType = "wrapper.system-extension"; includeInIndex = 0; path = AirPortBcmWiFiDriver.kext; sourceTree = BUILT_PRODUCTS_DIR; };
/* End PBXFileReference section */

/* Begin PBXFrameworksBuildPhase section */
		39D087172D8573EF00CE8DD0 /* Frameworks */ = {
			isa = PBXFrameworksBuildPhase;
			buildActionMask = 2147483647;
			files = (
				39D0871E2D8573EF00CE8DD0 /* DriverKit.framework in Frameworks */,
			);
			runOnlyForDeploymentPostprocessing = 0;
		};
		39D0872C2D85759100CE8DD0 /* Frameworks */ = {
			isa = PBXFrameworksBuildPhase;
			buildActionMask = 2147483647;
			files = (
				39D087312D85759100CE8DD0 /* NetworkExtension.framework in Frameworks */,
			);
			runOnlyForDeploymentPostprocessing = 0;
		};
		39D087412D8575AC00CE8DD0 /* Frameworks */ = {
			isa = PBXFrameworksBuildPhase;
			buildActionMask = 2147483647;
			files = (
				39D087422D8575AC00CE8DD0 /* DriverKit.framework in Frameworks */,
			);
			runOnlyForDeploymentPostprocessing = 0;
		};
		39D087672D85772E00CE8DD0 /* Frameworks */ = {
			isa = PBXFrameworksBuildPhase;
			buildActionMask = 2147483647;
			files = (
				39D087682D85772E00CE8DD0 /* NetworkExtension.framework in Frameworks */,
			);
			runOnlyForDeploymentPostprocessing = 0;
		};
		39D087732D85775C00CE8DD0 /* Frameworks */ = {
			isa = PBXFrameworksBuildPhase;
			buildActionMask = 2147483647;
			files = (
				39D087742D85775C00CE8DD0 /* NetworkExtension.framework in Frameworks */,
			);
			runOnlyForDeploymentPostprocessing = 0;
		};
/* End PBXFrameworksBuildPhase section */

/* Begin PBXGroup section */
		39D087102D8573EF00CE8DD0 = {
			isa = PBXGroup;
			children = (
				39D0871F2D8573EF00CE8DD0 /* AirPortBcmWiFiDriver */,
				39D087322D85759100CE8DD0 /* AirPortBcmWiFiDriver-High Sierra */,
				39D0871C2D8573EF00CE8DD0 /* Frameworks */,
				39D0871B2D8573EF00CE8DD0 /* Products */,
			);
			sourceTree = "<group>";
		};
		39D0871B2D8573EF00CE8DD0 /* Products */ = {
			isa = PBXGroup;
			children = (
				39D0871A2D8573EF00CE8DD0 /* AirPortBcmWiFiDriver.AirPortBcmWiFiDriver.dext */,
				39D0872F2D85759100CE8DD0 /* AirPortBcmWiFiDriver.AirPortBcmWiFiDriver-High-Sierra.systemextension */,
				39D087472D8575AC00CE8DD0 /* AirPortBcmWiFiDriver-Mojave.dext */,
				39D0876D2D85772E00CE8DD0 /* AirPortBcmWiFiDriver-Catalina.systemextension */,
				39D087792D85775C00CE8DD0 /* AirPortBcmWiFiDriver.kext */,
			);
			name = Products;
			sourceTree = "<group>";
		};
		39D0871C2D8573EF00CE8DD0 /* Frameworks */ = {
			isa = PBXGroup;
			children = (
				39D0871D2D8573EF00CE8DD0 /* DriverKit.framework */,
				39D087302D85759100CE8DD0 /* NetworkExtension.framework */,
			);
			name = Frameworks;
			sourceTree = "<group>";
		};
		39D0871F2D8573EF00CE8DD0 /* AirPortBcmWiFiDriver */ = {
			isa = PBXGroup;
			children = (
				39D087202D8573EF00CE8DD0 /* AirPortBcmWiFiDriver.cpp */,
				39D087222D8573EF00CE8DD0 /* AirPortBcmWiFiDriver.iig */,
				39D087242D8573EF00CE8DD0 /* Info.plist */,
				39D087252D8573EF00CE8DD0 /* AirPortBcmWiFiDriver.entitlements */,
			);
			path = AirPortBcmWiFiDriver;
			sourceTree = "<group>";
		};
		39D087322D85759100CE8DD0 /* AirPortBcmWiFiDriver-High Sierra */ = {
			isa = PBXGroup;
			children = (
				39D087332D85759100CE8DD0 /* FilterDataProvider.swift */,
				39D087352D85759100CE8DD0 /* main.swift */,
				39D087372D85759100CE8DD0 /* Info.plist */,
				39D087382D85759100CE8DD0 /* AirPortBcmWiFiDriver_High_Sierra.entitlements */,
			);
			path = "AirPortBcmWiFiDriver-High Sierra";
			sourceTree = "<group>";
		};
/* End PBXGroup section */

/* Begin PBXHeadersBuildPhase section */
		39D087152D8573EF00CE8DD0 /* Headers */ = {
			isa = PBXHeadersBuildPhase;
			buildActionMask = 2147483647;
			files = (
			);
			runOnlyForDeploymentPostprocessing = 0;
		};
		39D0873D2D8575AC00CE8DD0 /* Headers */ = {
			isa = PBXHeadersBuildPhase;
			buildActionMask = 2147483647;
			files = (
			);
			runOnlyForDeploymentPostprocessing = 0;
		};
/* End PBXHeadersBuildPhase section */

/* Begin PBXNativeTarget section */
		39D087192D8573EF00CE8DD0 /* AirPortBcmWiFiDriver */ = {
			isa = PBXNativeTarget;
			buildConfigurationList = 39D087282D8573EF00CE8DD0 /* Build configuration list for PBXNativeTarget "AirPortBcmWiFiDriver" */;
			buildPhases = (
				39D087152D8573EF00CE8DD0 /* Headers */,
				39D087162D8573EF00CE8DD0 /* Sources */,
				39D087172D8573EF00CE8DD0 /* Frameworks */,
				39D087182D8573EF00CE8DD0 /* Resources */,
			);
			buildRules = (
			);
			dependencies = (
			);
			name = AirPortBcmWiFiDriver;
			productName = AirPortBcmWiFiDriver;
			productReference = 39D0871A2D8573EF00CE8DD0 /* AirPortBcmWiFiDriver.AirPortBcmWiFiDriver.dext */;
			productType = "com.apple.product-type.driver-extension";
		};
		39D0872E2D85759100CE8DD0 /* AirPortBcmWiFiDriver-High Sierra */ = {
			isa = PBXNativeTarget;
			buildConfigurationList = 39D087392D85759100CE8DD0 /* Build configuration list for PBXNativeTarget "AirPortBcmWiFiDriver-High Sierra" */;
			buildPhases = (
				39D0872B2D85759100CE8DD0 /* Sources */,
				39D0872C2D85759100CE8DD0 /* Frameworks */,
				39D0872D2D85759100CE8DD0 /* Resources */,
			);
			buildRules = (
			);
			dependencies = (
			);
			name = "AirPortBcmWiFiDriver-High Sierra";
			productName = "AirPortBcmWiFiDriver-High Sierra";
			productReference = 39D0872F2D85759100CE8DD0 /* AirPortBcmWiFiDriver.AirPortBcmWiFiDriver-High-Sierra.systemextension */;
			productType = "com.apple.product-type.system-extension";
		};
		39D0873C2D8575AC00CE8DD0 /* AirPortBcmWiFiDriver-Mojave */ = {
			isa = PBXNativeTarget;
			buildConfigurationList = 39D087442D8575AC00CE8DD0 /* Build configuration list for PBXNativeTarget "AirPortBcmWiFiDriver-Mojave" */;
			buildPhases = (
				39D0873D2D8575AC00CE8DD0 /* Headers */,
				39D0873E2D8575AC00CE8DD0 /* Sources */,
				39D087412D8575AC00CE8DD0 /* Frameworks */,
				39D087432D8575AC00CE8DD0 /* Resources */,
			);
			buildRules = (
			);
			dependencies = (
			);
			name = "AirPortBcmWiFiDriver-Mojave";
			productName = AirPortBcmWiFiDriver;
			productReference = 39D087472D8575AC00CE8DD0 /* AirPortBcmWiFiDriver-Mojave.dext */;
			productType = "com.apple.product-type.driver-extension";
		};
		39D087632D85772E00CE8DD0 /* AirPortBcmWiFiDriver-Catalina */ = {
			isa = PBXNativeTarget;
			buildConfigurationList = 39D0876A2D85772E00CE8DD0 /* Build configuration list for PBXNativeTarget "AirPortBcmWiFiDriver-Catalina" */;
			buildPhases = (
				39D087642D85772E00CE8DD0 /* Sources */,
				39D087672D85772E00CE8DD0 /* Frameworks */,
				39D087692D85772E00CE8DD0 /* Resources */,
			);
			buildRules = (
			);
			dependencies = (
			);
			name = "AirPortBcmWiFiDriver-Catalina";
			productName = "AirPortBcmWiFiDriver-High Sierra";
			productReference = 39D0876D2D85772E00CE8DD0 /* AirPortBcmWiFiDriver-Catalina.systemextension */;
			productType = "com.apple.product-type.system-extension";
		};
		39D0876F2D85775C00CE8DD0 /* AirPortBcmWiFiDriver-Big Sur */ = {
			isa = PBXNativeTarget;
			buildConfigurationList = 39D087762D85775C00CE8DD0 /* Build configuration list for PBXNativeTarget "AirPortBcmWiFiDriver-Big Sur" */;
			buildPhases = (
				39D087702D85775C00CE8DD0 /* Sources */,
				39D087732D85775C00CE8DD0 /* Frameworks */,
				39D087752D85775C00CE8DD0 /* Resources */,
			);
			buildRules = (
			);
			dependencies = (
			);
			name = "AirPortBcmWiFiDriver-Big Sur";
			productName = "AirPortBcmWiFiDriver-High Sierra";
			productReference = 39D087792D85775C00CE8DD0 /* AirPortBcmWiFiDriver.kext */;
			productType = "com.apple.product-type.system-extension";
		};
/* End PBXNativeTarget section */

/* Begin PBXProject section */
		39D087112D8573EF00CE8DD0 /* Project object */ = {
			isa = PBXProject;
			attributes = {
				LastSwiftUpdateCheck = 1250;
				LastUpgradeCheck = 1250;
				TargetAttributes = {
					39D087192D8573EF00CE8DD0 = {
						CreatedOnToolsVersion = 12.5.1;
					};
					39D0872E2D85759100CE8DD0 = {
						CreatedOnToolsVersion = 12.5.1;
					};
				};
			};
			buildConfigurationList = 39D087142D8573EF00CE8DD0 /* Build configuration list for PBXProject "AirPortBcmWiFiDriver" */;
			compatibilityVersion = "Xcode 9.3";
			developmentRegion = en;
			hasScannedForEncodings = 0;
			knownRegions = (
				en,
				Base,
			);
			mainGroup = 39D087102D8573EF00CE8DD0;
			productRefGroup = 39D0871B2D8573EF00CE8DD0 /* Products */;
			projectDirPath = "";
			projectRoot = "";
			targets = (
				39D087192D8573EF00CE8DD0 /* AirPortBcmWiFiDriver */,
				39D0872E2D85759100CE8DD0 /* AirPortBcmWiFiDriver-High Sierra */,
				39D0873C2D8575AC00CE8DD0 /* AirPortBcmWiFiDriver-Mojave */,
				39D087632D85772E00CE8DD0 /* AirPortBcmWiFiDriver-Catalina */,
				39D0876F2D85775C00CE8DD0 /* AirPortBcmWiFiDriver-Big Sur */,
			);
		};
/* End PBXProject section */

/* Begin PBXResourcesBuildPhase section */
		39D087182D8573EF00CE8DD0 /* Resources */ = {
			isa = PBXResourcesBuildPhase;
			buildActionMask = 2147483647;
			files = (
			);
			runOnlyForDeploymentPostprocessing = 0;
		};
		39D0872D2D85759100CE8DD0 /* Resources */ = {
			isa = PBXResourcesBuildPhase;
			buildActionMask = 2147483647;
			files = (
			);
			runOnlyForDeploymentPostprocessing = 0;
		};
		39D087432D8575AC00CE8DD0 /* Resources */ = {
			isa = PBXResourcesBuildPhase;
			buildActionMask = 2147483647;
			files = (
			);
			runOnlyForDeploymentPostprocessing = 0;
		};
		39D087692D85772E00CE8DD0 /* Resources */ = {
			isa = PBXResourcesBuildPhase;
			buildActionMask = 2147483647;
			files = (
			);
			runOnlyForDeploymentPostprocessing = 0;
		};
		39D087752D85775C00CE8DD0 /* Resources */ = {
			isa = PBXResourcesBuildPhase;
			buildActionMask = 2147483647;
			files = (
			);
			runOnlyForDeploymentPostprocessing = 0;
		};
/* End PBXResourcesBuildPhase section */

/* Begin PBXSourcesBuildPhase section */
		39D087162D8573EF00CE8DD0 /* Sources */ = {
			isa = PBXSourcesBuildPhase;
			buildActionMask = 2147483647;
			files = (
				39D087212D8573EF00CE8DD0 /* AirPortBcmWiFiDriver.cpp in Sources */,
				39D087232D8573EF00CE8DD0 /* AirPortBcmWiFiDriver.iig in Sources */,
			);
			runOnlyForDeploymentPostprocessing = 0;
		};
		39D0872B2D85759100CE8DD0 /* Sources */ = {
			isa = PBXSourcesBuildPhase;
			buildActionMask = 2147483647;
			files = (
				39D087362D85759100CE8DD0 /* main.swift in Sources */,
				39D087342D85759100CE8DD0 /* FilterDataProvider.swift in Sources */,
			);
			runOnlyForDeploymentPostprocessing = 0;
		};
		39D0873E2D8575AC00CE8DD0 /* Sources */ = {
			isa = PBXSourcesBuildPhase;
			buildActionMask = 2147483647;
			files = (
				39D0873F2D8575AC00CE8DD0 /* AirPortBcmWiFiDriver.cpp in Sources */,
				39D087402D8575AC00CE8DD0 /* AirPortBcmWiFiDriver.iig in Sources */,
			);
			runOnlyForDeploymentPostprocessing = 0;
		};
		39D087642D85772E00CE8DD0 /* Sources */ = {
			isa = PBXSourcesBuildPhase;
			buildActionMask = 2147483647;
			files = (
				39D087652D85772E00CE8DD0 /* main.swift in Sources */,
				39D087662D85772E00CE8DD0 /* FilterDataProvider.swift in Sources */,
			);
			runOnlyForDeploymentPostprocessing = 0;
		};
		39D087702D85775C00CE8DD0 /* Sources */ = {
			isa = PBXSourcesBuildPhase;
			buildActionMask = 2147483647;
			files = (
				39D087712D85775C00CE8DD0 /* main.swift in Sources */,
				39D087722D85775C00CE8DD0 /* FilterDataProvider.swift in Sources */,
			);
			runOnlyForDeploymentPostprocessing = 0;
		};
/* End PBXSourcesBuildPhase section */

/* Begin XCBuildConfiguration section */
		39D087262D8573EF00CE8DD0 /* Debug */ = {
			isa = XCBuildConfiguration;
			buildSettings = {
				ALWAYS_SEARCH_USER_PATHS = NO;
				CLANG_ANALYZER_NONNULL = YES;
				CLANG_ANALYZER_NUMBER_OBJECT_CONVERSION = YES_AGGRESSIVE;
				CLANG_CXX_LANGUAGE_STANDARD = "gnu++17";
				CLANG_CXX_LIBRARY = "libc++";
				CLANG_ENABLE_MODULES = YES;
				CLANG_ENABLE_OBJC_ARC = YES;
				CLANG_ENABLE_OBJC_WEAK = YES;
				CLANG_WARN_BLOCK_CAPTURE_AUTORELEASING = YES;
				CLANG_WARN_BOOL_CONVERSION = YES;
				CLANG_WARN_COMMA = YES;
				CLANG_WARN_CONSTANT_CONVERSION = YES;
				CLANG_WARN_DEPRECATED_OBJC_IMPLEMENTATIONS = YES;
				CLANG_WARN_DIRECT_OBJC_ISA_USAGE = YES_ERROR;
				CLANG_WARN_DOCUMENTATION_COMMENTS = YES;
				CLANG_WARN_EMPTY_BODY = YES;
				CLANG_WARN_ENUM_CONVERSION = YES;
				CLANG_WARN_INFINITE_RECURSION = YES;
				CLANG_WARN_INT_CONVERSION = YES;
				CLANG_WARN_NON_LITERAL_NULL_CONVERSION = YES;
				CLANG_WARN_OBJC_IMPLICIT_RETAIN_SELF = YES;
				CLANG_WARN_OBJC_LITERAL_CONVERSION = YES;
				CLANG_WARN_OBJC_ROOT_CLASS = YES_ERROR;
				CLANG_WARN_QUOTED_INCLUDE_IN_FRAMEWORK_HEADER = YES;
				CLANG_WARN_RANGE_LOOP_ANALYSIS = YES;
				CLANG_WARN_STRICT_PROTOTYPES = YES;
				CLANG_WARN_SUSPICIOUS_MOVE = YES;
				CLANG_WARN_UNGUARDED_AVAILABILITY = YES_AGGRESSIVE;
				CLANG_WARN_UNREACHABLE_CODE = YES;
				CLANG_WARN__DUPLICATE_METHOD_MATCH = YES;
				COPY_PHASE_STRIP = NO;
				DEBUG_INFORMATION_FORMAT = dwarf;
				DRIVERKIT_DEPLOYMENT_TARGET = 20.4;
				ENABLE_STRICT_OBJC_MSGSEND = YES;
				ENABLE_TESTABILITY = YES;
				GCC_C_LANGUAGE_STANDARD = gnu11;
				GCC_DYNAMIC_NO_PIC = NO;
				GCC_NO_COMMON_BLOCKS = YES;
				GCC_OPTIMIZATION_LEVEL = 0;
				GCC_PREPROCESSOR_DEFINITIONS = (
					"DEBUG=1",
					"$(inherited)",
				);
				GCC_WARN_64_TO_32_BIT_CONVERSION = YES;
				GCC_WARN_ABOUT_RETURN_TYPE = YES_ERROR;
				GCC_WARN_UNDECLARED_SELECTOR = YES;
				GCC_WARN_UNINITIALIZED_AUTOS = YES_AGGRESSIVE;
				GCC_WARN_UNUSED_FUNCTION = YES;
				GCC_WARN_UNUSED_VARIABLE = YES;
				MTL_ENABLE_DEBUG_INFO = INCLUDE_SOURCE;
				MTL_FAST_MATH = YES;
				ONLY_ACTIVE_ARCH = YES;
				SDKROOT = driverkit;
			};
			name = Debug;
		};
		39D087272D8573EF00CE8DD0 /* Release */ = {
			isa = XCBuildConfiguration;
			buildSettings = {
				ALWAYS_SEARCH_USER_PATHS = NO;
				CLANG_ANALYZER_NONNULL = YES;
				CLANG_ANALYZER_NUMBER_OBJECT_CONVERSION = YES_AGGRESSIVE;
				CLANG_CXX_LANGUAGE_STANDARD = "gnu++17";
				CLANG_CXX_LIBRARY = "libc++";
				CLANG_ENABLE_MODULES = YES;
				CLANG_ENABLE_OBJC_ARC = YES;
				CLANG_ENABLE_OBJC_WEAK = YES;
				CLANG_WARN_BLOCK_CAPTURE_AUTORELEASING = YES;
				CLANG_WARN_BOOL_CONVERSION = YES;
				CLANG_WARN_COMMA = YES;
				CLANG_WARN_CONSTANT_CONVERSION = YES;
				CLANG_WARN_DEPRECATED_OBJC_IMPLEMENTATIONS = YES;
				CLANG_WARN_DIRECT_OBJC_ISA_USAGE = YES_ERROR;
				CLANG_WARN_DOCUMENTATION_COMMENTS = YES;
				CLANG_WARN_EMPTY_BODY = YES;
				CLANG_WARN_ENUM_CONVERSION = YES;
				CLANG_WARN_INFINITE_RECURSION = YES;
				CLANG_WARN_INT_CONVERSION = YES;
				CLANG_WARN_NON_LITERAL_NULL_CONVERSION = YES;
				CLANG_WARN_OBJC_IMPLICIT_RETAIN_SELF = YES;
				CLANG_WARN_OBJC_LITERAL_CONVERSION = YES;
				CLANG_WARN_OBJC_ROOT_CLASS = YES_ERROR;
				CLANG_WARN_QUOTED_INCLUDE_IN_FRAMEWORK_HEADER = YES;
				CLANG_WARN_RANGE_LOOP_ANALYSIS = YES;
				CLANG_WARN_STRICT_PROTOTYPES = YES;
				CLANG_WARN_SUSPICIOUS_MOVE = YES;
				CLANG_WARN_UNGUARDED_AVAILABILITY = YES_AGGRESSIVE;
				CLANG_WARN_UNREACHABLE_CODE = YES;
				CLANG_WARN__DUPLICATE_METHOD_MATCH = YES;
				COPY_PHASE_STRIP = NO;
				DEBUG_INFORMATION_FORMAT = "dwarf-with-dsym";
				DRIVERKIT_DEPLOYMENT_TARGET = 20.4;
				ENABLE_NS_ASSERTIONS = NO;
				ENABLE_STRICT_OBJC_MSGSEND = YES;
				GCC_C_LANGUAGE_STANDARD = gnu11;
				GCC_NO_COMMON_BLOCKS = YES;
				GCC_WARN_64_TO_32_BIT_CONVERSION = YES;
				GCC_WARN_ABOUT_RETURN_TYPE = YES_ERROR;
				GCC_WARN_UNDECLARED_SELECTOR = YES;
				GCC_WARN_UNINITIALIZED_AUTOS = YES_AGGRESSIVE;
				GCC_WARN_UNUSED_FUNCTION = YES;
				GCC_WARN_UNUSED_VARIABLE = YES;
				MTL_ENABLE_DEBUG_INFO = NO;
				MTL_FAST_MATH = YES;
				SDKROOT = driverkit;
			};
			name = Release;
		};
		39D087292D8573EF00CE8DD0 /* Debug */ = {
			isa = XCBuildConfiguration;
			buildSettings = {
				CODE_SIGN_ENTITLEMENTS = AirPortBcmWiFiDriver/AirPortBcmWiFiDriver.entitlements;
				CODE_SIGN_STYLE = Manual;
				INFOPLIST_FILE = AirPortBcmWiFiDriver/Info.plist;
				KERNEL_EXTENSION_HEADER_SEARCH_PATHS = "$(PROJECT_DIR)/MacKernelSDK/Headers";
				MTL_ENABLE_DEBUG_INFO = INCLUDE_SOURCE;
				MTL_FAST_MATH = YES;
				NEW_SETTING = "";
				PRODUCT_BUNDLE_IDENTIFIER = AirPortBcmWiFiDriver.AirPortBcmWiFiDriver;
				PRODUCT_NAME = "$(inherited)";
				RUN_CLANG_STATIC_ANALYZER = YES;
				SKIP_INSTALL = YES;
			};
			name = Debug;
		};
		39D0872A2D8573EF00CE8DD0 /* Release */ = {
			isa = XCBuildConfiguration;
			buildSettings = {
				CODE_SIGN_ENTITLEMENTS = AirPortBcmWiFiDriver/AirPortBcmWiFiDriver.entitlements;
				CODE_SIGN_STYLE = Manual;
				INFOPLIST_FILE = AirPortBcmWiFiDriver/Info.plist;
				KERNEL_EXTENSION_HEADER_SEARCH_PATHS = "$(PROJECT_DIR)/MacKernelSDK/Headers";
				MTL_ENABLE_DEBUG_INFO = NO;
				MTL_FAST_MATH = YES;
				NEW_SETTING = "";
				PRODUCT_BUNDLE_IDENTIFIER = AirPortBcmWiFiDriver.AirPortBcmWiFiDriver;
				PRODUCT_NAME = "$(inherited)";
				RUN_CLANG_STATIC_ANALYZER = YES;
				SKIP_INSTALL = YES;
			};
			name = Release;
		};
		39D0873A2D85759100CE8DD0 /* Debug */ = {
			isa = XCBuildConfiguration;
			buildSettings = {
				CLANG_CXX_LANGUAGE_STANDARD = "gnu++14";
				CODE_SIGN_ENTITLEMENTS = "AirPortBcmWiFiDriver-High Sierra/AirPortBcmWiFiDriver_High_Sierra.entitlements";
				CODE_SIGN_STYLE = Automatic;
				CONFIGURATION_BUILD_DIR = "$(SYMROOT)/$(CONFIGURATION)/High Sierra";
				INFOPLIST_FILE = "AirPortBcmWiFiDriver-High Sierra/Info.plist";
				KERNEL_EXTENSION_HEADER_SEARCH_PATHS = "$(PROJECT_DIR)/MacKernelSDK/Headers";
				LD_RUNPATH_SEARCH_PATHS = (
					"$(inherited)",
					"@executable_path/../Frameworks",
					"@executable_path/../../../../Frameworks",
				);
				MACOSX_DEPLOYMENT_TARGET = 11.3;
				PRODUCT_BUNDLE_IDENTIFIER = "AirPortBcmWiFiDriver.AirPortBcmWiFiDriver-High-Sierra";
				PRODUCT_NAME = "$(inherited)";
				SDKROOT = macosx;
				SKIP_INSTALL = YES;
				SWIFT_ACTIVE_COMPILATION_CONDITIONS = DEBUG;
				SWIFT_OPTIMIZATION_LEVEL = "-Onone";
				SWIFT_VERSION = 5.0;
			};
			name = Debug;
		};
		39D0873B2D85759100CE8DD0 /* Release */ = {
			isa = XCBuildConfiguration;
			buildSettings = {
				CLANG_CXX_LANGUAGE_STANDARD = "gnu++14";
				CODE_SIGN_ENTITLEMENTS = "AirPortBcmWiFiDriver-High Sierra/AirPortBcmWiFiDriver_High_Sierra.entitlements";
				CODE_SIGN_STYLE = Automatic;
				CONFIGURATION_BUILD_DIR = "$(SYMROOT)/$(CONFIGURATION)/High Sierra";
				INFOPLIST_FILE = "AirPortBcmWiFiDriver-High Sierra/Info.plist";
				KERNEL_EXTENSION_HEADER_SEARCH_PATHS = "$(PROJECT_DIR)/MacKernelSDK/Headers";
				LD_RUNPATH_SEARCH_PATHS = (
					"$(inherited)",
					"@executable_path/../Frameworks",
					"@executable_path/../../../../Frameworks",
				);
				MACOSX_DEPLOYMENT_TARGET = 11.3;
				PRODUCT_BUNDLE_IDENTIFIER = "AirPortBcmWiFiDriver.AirPortBcmWiFiDriver-High-Sierra";
				PRODUCT_NAME = "$(inherited)";
				SDKROOT = macosx;
				SKIP_INSTALL = YES;
				SWIFT_COMPILATION_MODE = wholemodule;
				SWIFT_OPTIMIZATION_LEVEL = "-O";
				SWIFT_VERSION = 5.0;
			};
			name = Release;
		};
		39D087452D8575AC00CE8DD0 /* Debug */ = {
			isa = XCBuildConfiguration;
			buildSettings = {
				CODE_SIGN_ENTITLEMENTS = AirPortBcmWiFiDriver/AirPortBcmWiFiDriver.entitlements;
				CODE_SIGN_STYLE = Manual;
				CONFIGURATION_BUILD_DIR = "";
				INFOPLIST_FILE = "AirPortBcmWiFiDriver copy-Info.plist";
				KERNEL_EXTENSION_HEADER_SEARCH_PATHS = "$(PROJECT_DIR)/MacKernelSDK/Headers";
				MTL_ENABLE_DEBUG_INFO = "$(SYMROOT)/$(CONFIGURATION)/Mojave";
				MTL_FAST_MATH = YES;
				NEW_SETTING = "";
				PRODUCT_BUNDLE_IDENTIFIER = AirPortBcmWiFiDriver.AirPortBcmWiFiDriver;
				PRODUCT_NAME = "$(TARGET_NAME)";
				RUN_CLANG_STATIC_ANALYZER = YES;
				SKIP_INSTALL = YES;
			};
			name = Debug;
		};
		39D087462D8575AC00CE8DD0 /* Release */ = {
			isa = XCBuildConfiguration;
			buildSettings = {
				CODE_SIGN_ENTITLEMENTS = AirPortBcmWiFiDriver/AirPortBcmWiFiDriver.entitlements;
				CODE_SIGN_STYLE = Manual;
				CONFIGURATION_BUILD_DIR = "";
				INFOPLIST_FILE = "AirPortBcmWiFiDriver copy-Info.plist";
				KERNEL_EXTENSION_HEADER_SEARCH_PATHS = "$(PROJECT_DIR)/MacKernelSDK/Headers";
				MTL_ENABLE_DEBUG_INFO = "$(SYMROOT)/$(CONFIGURATION)/Mojave";
				MTL_FAST_MATH = YES;
				NEW_SETTING = "";
				PRODUCT_BUNDLE_IDENTIFIER = AirPortBcmWiFiDriver.AirPortBcmWiFiDriver;
				PRODUCT_NAME = "$(TARGET_NAME)";
				RUN_CLANG_STATIC_ANALYZER = YES;
				SKIP_INSTALL = YES;
			};
			name = Release;
		};
		39D0876B2D85772E00CE8DD0 /* Debug */ = {
			isa = XCBuildConfiguration;
			buildSettings = {
				CLANG_CXX_LANGUAGE_STANDARD = "gnu++14";
				CODE_SIGN_ENTITLEMENTS = "AirPortBcmWiFiDriver-High Sierra/AirPortBcmWiFiDriver_High_Sierra.entitlements";
				CODE_SIGN_STYLE = Automatic;
				CONFIGURATION_BUILD_DIR = "$(SYMROOT)/$(CONFIGURATION)/High Sierra";
				INFOPLIST_FILE = "AirPortBcmWiFiDriver-High Sierra copy-Info.plist";
				KERNEL_EXTENSION_HEADER_SEARCH_PATHS = "$(PROJECT_DIR)/MacKernelSDK/Headers";
				LD_RUNPATH_SEARCH_PATHS = (
					"$(inherited)",
					"@executable_path/../Frameworks",
					"@executable_path/../../../../Frameworks",
				);
				MACOSX_DEPLOYMENT_TARGET = 11.3;
				PRODUCT_BUNDLE_IDENTIFIER = "AirPortBcmWiFiDriver.AirPortBcmWiFiDriver-High-Sierra";
				PRODUCT_NAME = "$(TARGET_NAME)";
				SDKROOT = macosx;
				SKIP_INSTALL = YES;
				SWIFT_ACTIVE_COMPILATION_CONDITIONS = DEBUG;
				SWIFT_OPTIMIZATION_LEVEL = "-Onone";
				SWIFT_VERSION = 5.0;
			};
			name = Debug;
		};
		39D0876C2D85772E00CE8DD0 /* Release */ = {
			isa = XCBuildConfiguration;
			buildSettings = {
				CLANG_CXX_LANGUAGE_STANDARD = "gnu++14";
				CODE_SIGN_ENTITLEMENTS = "AirPortBcmWiFiDriver-High Sierra/AirPortBcmWiFiDriver_High_Sierra.entitlements";
				CODE_SIGN_STYLE = Automatic;
				CONFIGURATION_BUILD_DIR = "$(SYMROOT)/$(CONFIGURATION)/High Sierra";
				INFOPLIST_FILE = "AirPortBcmWiFiDriver-High Sierra copy-Info.plist";
				KERNEL_EXTENSION_HEADER_SEARCH_PATHS = "$(PROJECT_DIR)/MacKernelSDK/Headers";
				LD_RUNPATH_SEARCH_PATHS = (
					"$(inherited)",
					"@executable_path/../Frameworks",
					"@executable_path/../../../../Frameworks",
				);
				MACOSX_DEPLOYMENT_TARGET = 11.3;
				PRODUCT_BUNDLE_IDENTIFIER = "AirPortBcmWiFiDriver.AirPortBcmWiFiDriver-High-Sierra";
				PRODUCT_NAME = "$(TARGET_NAME)";
				SDKROOT = macosx;
				SKIP_INSTALL = YES;
				SWIFT_COMPILATION_MODE = wholemodule;
				SWIFT_OPTIMIZATION_LEVEL = "-O";
				SWIFT_VERSION = 5.0;
			};
			name = Release;
		};
		39D087772D85775C00CE8DD0 /* Debug */ = {
			isa = XCBuildConfiguration;
			buildSettings = {
				ARCHS = X86_64;
				CLANG_CXX_LANGUAGE_STANDARD = "gnu++14";
				CLANG_WARN_DOCUMENTATION_COMMENTS = NO;
				CODE_SIGN_ENTITLEMENTS = "";
				CODE_SIGN_STYLE = Manual;
				CONFIGURATION_BUILD_DIR = "$(SYMROOT)/$(CONFIGURATION)/Big Sur";
				CURRENT_PROJECT_VERSION = 1.0.0;
				GCC_C_LANGUAGE_STANDARD = c11;
				GCC_ENABLE_BUILTIN_FUNCTIONS = NO;
				GCC_ENABLE_CPP_EXCEPTIONS = NO;
				GCC_ENABLE_CPP_RTTI = NO;
				GCC_ENABLE_KERNEL_DEVELOPMENT = YES;
				GCC_ENABLE_PASCAL_STRINGS = NO;
				GCC_INLINES_ARE_PRIVATE_EXTERN = NO;
				GCC_INPUT_FILETYPE = sourcecode.cpp.cpp;
				GCC_PRECOMPILE_PREFIX_HEADER = YES;
				GCC_PREFIX_HEADER = AirPortBcmWiFiDriverrivateSPI.pch;
				GCC_PREPROCESSOR_DEFINITIONS = (
					"DEBUG=1",
					"$(inherited)",
					USE_APPLE_SUPPLICANT,
					AIRPORT,
					"__IO80211_TARGET=__MAC_11_0",
					__PRIVATE_SPI__,
				);
				INFOPLIST_FILE = "AirPortBcmWiFiDriver-Info.plist";
				INSTALL_PATH = "$(DEFAULT_KEXT_INSTALL_PATH)";
				IPHONEOS_DEPLOYMENT_TARGET = 14.5;
				KERNEL_EXTENSION_HEADER_SEARCH_PATHS = "$(PROJECT_DIR)/MacKernelSDK/Headers";
				LD_RUNPATH_SEARCH_PATHS = "";
				MACOSX_DEPLOYMENT_TARGET = 10.15;
				MODULE_NAME = com.wanglws.AirPortWiFiDriver;
				MODULE_START = 0;
				MODULE_STOP = 0;
				MODULE_VERSION = 1.0.0;
				PRIVATE_HEADERS_FOLDER_PATH = "$(KEXT_FRAMEWORK)/Contents/PrivateHeaders/$(KEXT_FAMILY_NAME)";
				PRODUCT_BUNDLE_IDENTIFIER = com.wanglws.AirPortBcmWiFiDriver;
				PRODUCT_MODULE_NAME = AirPortBcmWiFiDriver;
				PRODUCT_NAME = AirPortBcmWiFiDriver;
				PUBLIC_HEADERS_FOLDER_PATH = "$(KEXT_FRAMEWORK)/Contents/Headers/$(KEXT_FAMILY_NAME)";
				SDKROOT = macosx;
				SKIP_INSTALL = NO;
				STRIP_STYLE = debugging;
				SWIFT_ACTIVE_COMPILATION_CONDITIONS = DEBUG;
				SWIFT_OPTIMIZATION_LEVEL = "-Onone";
				SWIFT_VERSION = 5.0;
				SYSTEM_FRAMEWORK_SEARCH_PATHS = "";
				SYSTEM_HEADER_SEARCH_PATHS = (
					itl80211/openbsd,
					itl80211,
					include,
				);
				WARNING_CFLAGS = (
					"-Wno-deprecated-register",
					"$(OTHER_CFLAGS)",
				);
				WRAPPER_EXTENSION = kext;
			};
			name = Debug;
		};
		39D087782D85775C00CE8DD0 /* Release */ = {
			isa = XCBuildConfiguration;
			buildSettings = {
				ARCHS = X86_64;
				CLANG_CXX_LANGUAGE_STANDARD = "gnu++14";
				CLANG_WARN_DOCUMENTATION_COMMENTS = NO;
				CODE_SIGN_ENTITLEMENTS = "";
				CODE_SIGN_STYLE = Manual;
				CONFIGURATION_BUILD_DIR = "$(SYMROOT)/$(CONFIGURATION)/Big Sur";
				CURRENT_PROJECT_VERSION = 1.0.0;
				GCC_C_LANGUAGE_STANDARD = c11;
				GCC_ENABLE_BUILTIN_FUNCTIONS = NO;
				GCC_ENABLE_CPP_EXCEPTIONS = NO;
				GCC_ENABLE_CPP_RTTI = NO;
				GCC_ENABLE_KERNEL_DEVELOPMENT = YES;
				GCC_ENABLE_PASCAL_STRINGS = NO;
				GCC_INLINES_ARE_PRIVATE_EXTERN = NO;
				GCC_INPUT_FILETYPE = sourcecode.cpp.cpp;
				GCC_OPTIMIZATION_LEVEL = 1;
				GCC_PRECOMPILE_PREFIX_HEADER = YES;
				GCC_PREFIX_HEADER = AirPortBcmWiFiDriverrivateSPI.pch;
				GCC_PREPROCESSOR_DEFINITIONS = (
					"__IO80211_TARGET=__MAC_11_0",
					USE_APPLE_SUPPLICANT,
					AIRPORT,
					__PRIVATE_SPI__,
					"$(inherited)",
				);
				INFOPLIST_FILE = "AirPortBcmWiFiDriver-Info.plist";
				INSTALL_PATH = "$(DEFAULT_KEXT_INSTALL_PATH)";
				IPHONEOS_DEPLOYMENT_TARGET = 14.5;
				KERNEL_EXTENSION_HEADER_SEARCH_PATHS = "$(PROJECT_DIR)/MacKernelSDK/Headers";
				LD_RUNPATH_SEARCH_PATHS = "";
				MACOSX_DEPLOYMENT_TARGET = 10.15;
				MODULE_NAME = com.wanglws.AirPortWiFiDriver;
				MODULE_START = 0;
				MODULE_STOP = 0;
				MODULE_VERSION = 1.0.0;
				ONLY_ACTIVE_ARCH = YES;
				PRIVATE_HEADERS_FOLDER_PATH = "$(KEXT_FRAMEWORK)/Contents/PrivateHeaders/$(KEXT_FAMILY_NAME)";
				PRODUCT_BUNDLE_IDENTIFIER = com.wanglws.AirPortBcmWiFiDriver;
				PRODUCT_MODULE_NAME = AirPortBcmWiFiDriver;
				PRODUCT_NAME = AirPortBcmWiFiDriver;
				PUBLIC_HEADERS_FOLDER_PATH = "$(KEXT_FRAMEWORK)/Contents/Headers/$(KEXT_FAMILY_NAME)";
				SDKROOT = macosx;
				SKIP_INSTALL = NO;
				STRIP_STYLE = debugging;
				SWIFT_COMPILATION_MODE = wholemodule;
				SWIFT_OPTIMIZATION_LEVEL = "-O";
				SWIFT_VERSION = 5.0;
				SYSTEM_FRAMEWORK_SEARCH_PATHS = "";
				SYSTEM_HEADER_SEARCH_PATHS = (
					itl80211/openbsd,
					itl80211,
					include,
				);
				WARNING_CFLAGS = (
					"-Wno-deprecated-register",
					"$(OTHER_CFLAGS)",
				);
				WRAPPER_EXTENSION = kext;
			};
			name = Release;
		};
/* End XCBuildConfiguration section */

/* Begin XCConfigurationList section */
		39D087142D8573EF00CE8DD0 /* Build configuration list for PBXProject "AirPortBcmWiFiDriver" */ = {
			isa = XCConfigurationList;
			buildConfigurations = (
				39D087262D8573EF00CE8DD0 /* Debug */,
				39D087272D8573EF00CE8DD0 /* Release */,
			);
			defaultConfigurationIsVisible = 0;
			defaultConfigurationName = Release;
		};
		39D087282D8573EF00CE8DD0 /* Build configuration list for PBXNativeTarget "AirPortBcmWiFiDriver" */ = {
			isa = XCConfigurationList;
			buildConfigurations = (
				39D087292D8573EF00CE8DD0 /* Debug */,
				39D0872A2D8573EF00CE8DD0 /* Release */,
			);
			defaultConfigurationIsVisible = 0;
			defaultConfigurationName = Release;
		};
		39D087392D85759100CE8DD0 /* Build configuration list for PBXNativeTarget "AirPortBcmWiFiDriver-High Sierra" */ = {
			isa = XCConfigurationList;
			buildConfigurations = (
				39D0873A2D85759100CE8DD0 /* Debug */,
				39D0873B2D85759100CE8DD0 /* Release */,
			);
			defaultConfigurationIsVisible = 0;
			defaultConfigurationName = Release;
		};
		39D087442D8575AC00CE8DD0 /* Build configuration list for PBXNativeTarget "AirPortBcmWiFiDriver-Mojave" */ = {
			isa = XCConfigurationList;
			buildConfigurations = (
				39D087452D8575AC00CE8DD0 /* Debug */,
				39D087462D8575AC00CE8DD0 /* Release */,
			);
			defaultConfigurationIsVisible = 0;
			defaultConfigurationName = Release;
		};
		39D0876A2D85772E00CE8DD0 /* Build configuration list for PBXNativeTarget "AirPortBcmWiFiDriver-Catalina" */ = {
			isa = XCConfigurationList;
			buildConfigurations = (
				39D0876B2D85772E00CE8DD0 /* Debug */,
				39D0876C2D85772E00CE8DD0 /* Release */,
			);
			defaultConfigurationIsVisible = 0;
			defaultConfigurationName = Release;
		};
		39D087762D85775C00CE8DD0 /* Build configuration list for PBXNativeTarget "AirPortBcmWiFiDriver-Big Sur" */ = {
			isa = XCConfigurationList;
			buildConfigurations = (
				39D087772D85775C00CE8DD0 /* Debug */,
				39D087782D85775C00CE8DD0 /* Release */,
			);
			defaultConfigurationIsVisible = 0;
			defaultConfigurationName = Release;
		};
/* End XCConfigurationList section */
	};
	rootObject = 39D087112D8573EF00CE8DD0 /* Project object */;
}
